
Microsoft Visual Studio Solution File, Format Version 12.00
# Visual Studio Version 17
VisualStudioVersion = 17.5.002.0
MinimumVisualStudioVersion = 10.0.40219.1
Project("{9A19103F-16F7-4668-BE54-9A1E7A4F7556}") = "TestAppAICodeReview", "TestAppAICodeReview.csproj", "{A8D17843-5A9B-4D19-807D-9075D3512A23}"
EndProject
Global
	GlobalSection(SolutionConfigurationPlatforms) = preSolution
		Debug|Any CPU = Debug|Any CPU
		Release|Any CPU = Release|Any CPU
	EndGlobalSection
	GlobalSection(ProjectConfigurationPlatforms) = postSolution
		{A8D17843-5A9B-4D19-807D-9075D3512A23}.Debug|Any CPU.ActiveCfg = Debug|Any CPU
		{A8D17843-5A9B-4D19-807D-9075D3512A23}.Debug|Any CPU.Build.0 = Debug|Any CPU
		{A8D17843-5A9B-4D19-807D-9075D3512A23}.Release|Any CPU.ActiveCfg = Release|Any CPU
		{A8D17843-5A9B-4D19-807D-9075D3512A23}.Release|Any CPU.Build.0 = Release|Any CPU
	EndGlobalSection
	GlobalSection(SolutionProperties) = preSolution
		HideSolutionNode = FALSE
	EndGlobalSection
	GlobalSection(ExtensibilityGlobals) = postSolution
		SolutionGuid = {65B5A2D9-EEA7-4BA7-92BC-32456198C3DA}
	EndGlobalSection
EndGlobal
